
Microsoft Visual Studio Solution File, Format Version 12.00
# Visual Studio 15
VisualStudioVersion = 15.0.26228.4
MinimumVisualStudioVersion = 10.0.40219.1
Project("{FAE04EC0-301F-11D3-BF4B-00C04F79EFBC}") = "SomeProject", "SomeProject\SomeProject.csproj", "{F8770D7B-634F-43F7-9DA7-438E362B61B4}"
EndProject
Project("{FAE04EC0-301F-11D3-BF4B-00C04F79EFBC}") = "SomeProject.Specs", "SomeProject.Specs\SomeProject.Specs.csproj", "{A30A7B2C-B991-4C83-AE56-871F68705AE7}"
EndProject
Global
	GlobalSection(SolutionConfigurationPlatforms) = preSolution
		Debug|Any CPU = Debug|Any CPU
		Release|Any CPU = Release|Any CPU
	EndGlobalSection
	GlobalSection(ProjectConfigurationPlatforms) = postSolution
		{F8770D7B-634F-43F7-9DA7-438E362B61B4}.Debug|Any CPU.ActiveCfg = Debug|Any CPU
		{F8770D7B-634F-43F7-9DA7-438E362B61B4}.Debug|Any CPU.Build.0 = Debug|Any CPU
		{F8770D7B-634F-43F7-9DA7-438E362B61B4}.Release|Any CPU.ActiveCfg = Release|Any CPU
		{F8770D7B-634F-43F7-9DA7-438E362B61B4}.Release|Any CPU.Build.0 = Release|Any CPU
		{A30A7B2C-B991-4C83-AE56-871F68705AE7}.Debug|Any CPU.ActiveCfg = Debug|Any CPU
		{A30A7B2C-B991-4C83-AE56-871F68705AE7}.Debug|Any CPU.Build.0 = Debug|Any CPU
		{A30A7B2C-B991-4C83-AE56-871F68705AE7}.Release|Any CPU.ActiveCfg = Release|Any CPU
		{A30A7B2C-B991-4C83-AE56-871F68705AE7}.Release|Any CPU.Build.0 = Release|Any CPU
	EndGlobalSection
	GlobalSection(SolutionProperties) = preSolution
		HideSolutionNode = FALSE
	EndGlobalSection
EndGlobal
